# THIS IS AN AUTOGENERATED FILE. DO NOT EDIT THIS FILE DIRECTLY.
# yarn lockfile v1


"@opengsn/contracts@2.2.5":
  version "2.2.5"
  resolved "https://registry.yarnpkg.com/@opengsn/contracts/-/contracts-2.2.5.tgz#24a61799649548d2b356efcfe0cb6d0c307cb516"
  integrity sha512-o0z8b1A7D0cYMQ+gIxM1YKJ2uV25jcrfItu7ABeQBwbaeG0NBEhXHM6Z+rnsqLJvl3RJcKmHfxaFNCk3b3bzOQ==
  dependencies:
    "@openzeppelin/contracts" "^4.2.0"

"@openzeppelin/contracts@^4.2.0":
  version "4.9.5"
  resolved "https://registry.yarnpkg.com/@openzeppelin/contracts/-/contracts-4.9.5.tgz#1eed23d4844c861a1835b5d33507c1017fa98de8"
  integrity sha512-ZK+W5mVhRppff9BE6YdR8CC52C8zAvsVAiWhEtQ5+oNxFE6h1WdeWo+FJSF8KKvtxxVYZ7MTP/5KoVpAU3aSWg==
